// !$*UTF8*$!
{
	archiveVersion = 1;
	classes = {
	};
	objectVersion = 46;
	objects = {

/* Begin PBXBuildFile section */
		1112D1DD1C68DAD6004F997A /* Utility.m in Sources */ = {isa = PBXBuildFile; fileRef = 1112D1DC1C68DAD6004F997A /* Utility.m */; };
		1112D1E31C68DB91004F997A /* LPPopup.m in Sources */ = {isa = PBXBuildFile; fileRef = 1112D1E21C68DB91004F997A /* LPPopup.m */; settings = {COMPILER_FLAGS = "-fno-objc-arc"; }; };
		111340981C6A385F00DEBC02 /* GameCenterViewController.m in Sources */ = {isa = PBXBuildFile; fileRef = 111340961C6A385F00DEBC02 /* GameCenterViewController.m */; };
		111340991C6A385F00DEBC02 /* GameCenterViewController.xib in Resources */ = {isa = PBXBuildFile; fileRef = 111340971C6A385F00DEBC02 /* GameCenterViewController.xib */; };
		117B24CD1C67465C0016D47D /* main.m in Sources */ = {isa = PBXBuildFile; fileRef = 117B24CC1C67465C0016D47D /* main.m */; };
		117B24D01C67465C0016D47D /* AppDelegate.m in Sources */ = {isa = PBXBuildFile; fileRef = 117B24CF1C67465C0016D47D /* AppDelegate.m */; };
		117B24D91C67465C0016D47D /* Yimeng.xcdatamodeld in Sources */ = {isa = PBXBuildFile; fileRef = 117B24D71C67465C0016D47D /* Yimeng.xcdatamodeld */; };
		117B24DB1C67465C0016D47D /* Assets.xcassets in Resources */ = {isa = PBXBuildFile; fileRef = 117B24DA1C67465C0016D47D /* Assets.xcassets */; };
		117B24DE1C67465C0016D47D /* LaunchScreen.storyboard in Resources */ = {isa = PBXBuildFile; fileRef = 117B24DC1C67465C0016D47D /* LaunchScreen.storyboard */; };
		117B24E91C67465C0016D47D /* YimengTests.m in Sources */ = {isa = PBXBuildFile; fileRef = 117B24E81C67465C0016D47D /* YimengTests.m */; };
		117B24F41C67465C0016D47D /* YimengUITests.m in Sources */ = {isa = PBXBuildFile; fileRef = 117B24F31C67465C0016D47D /* YimengUITests.m */; };
		117B25061C6748360016D47D /* QGViewController.m in Sources */ = {isa = PBXBuildFile; fileRef = 117B25041C6748360016D47D /* QGViewController.m */; };
		117B25071C6748360016D47D /* QGViewController.xib in Resources */ = {isa = PBXBuildFile; fileRef = 117B25051C6748360016D47D /* QGViewController.xib */; };
		117B250B1C67485C0016D47D /* LoginViewController.m in Sources */ = {isa = PBXBuildFile; fileRef = 117B25091C67485C0016D47D /* LoginViewController.m */; };
		117B250C1C67485C0016D47D /* LoginViewController.xib in Resources */ = {isa = PBXBuildFile; fileRef = 117B250A1C67485C0016D47D /* LoginViewController.xib */; };
		117B25101C6748A30016D47D /* QGNavigationController.m in Sources */ = {isa = PBXBuildFile; fileRef = 117B250E1C6748A30016D47D /* QGNavigationController.m */; };
		117B25111C6748A30016D47D /* QGNavigationController.xib in Resources */ = {isa = PBXBuildFile; fileRef = 117B250F1C6748A30016D47D /* QGNavigationController.xib */; };
		11F03FD11C699DBD00C49B3A /* FirstPageViewController.m in Sources */ = {isa = PBXBuildFile; fileRef = 11F03FCF1C699DBD00C49B3A /* FirstPageViewController.m */; };
		11F03FD21C699DBD00C49B3A /* FirstPageViewController.xib in Resources */ = {isa = PBXBuildFile; fileRef = 11F03FD01C699DBD00C49B3A /* FirstPageViewController.xib */; };
		11F2BFBF1C6A439C00D2CEFB /* AllGamesViewController.m in Sources */ = {isa = PBXBuildFile; fileRef = 11F2BFBD1C6A439C00D2CEFB /* AllGamesViewController.m */; };
		11F2BFC41C6A43C300D2CEFB /* MyGamesViewController.m in Sources */ = {isa = PBXBuildFile; fileRef = 11F2BFC21C6A43C300D2CEFB /* MyGamesViewController.m */; };
		11F2BFCE1C6A4BB100D2CEFB /* XTPageViewController.m in Sources */ = {isa = PBXBuildFile; fileRef = 11F2BFC81C6A4BB100D2CEFB /* XTPageViewController.m */; };
		11F2BFCF1C6A4BB100D2CEFB /* XTTabBar.m in Sources */ = {isa = PBXBuildFile; fileRef = 11F2BFCA1C6A4BB100D2CEFB /* XTTabBar.m */; };
		11F2BFD01C6A4BB100D2CEFB /* XTTabBarScrollView.m in Sources */ = {isa = PBXBuildFile; fileRef = 11F2BFCC1C6A4BB100D2CEFB /* XTTabBarScrollView.m */; };
/* End PBXBuildFile section */

/* Begin PBXContainerItemProxy section */
		117B24E51C67465C0016D47D /* PBXContainerItemProxy */ = {
			isa = PBXContainerItemProxy;
			containerPortal = 117B24C01C67465C0016D47D /* Project object */;
			proxyType = 1;
			remoteGlobalIDString = 117B24C71C67465C0016D47D;
			remoteInfo = Yimeng;
		};
		117B24F01C67465C0016D47D /* PBXContainerItemProxy */ = {
			isa = PBXContainerItemProxy;
			containerPortal = 117B24C01C67465C0016D47D /* Project object */;
			proxyType = 1;
			remoteGlobalIDString = 117B24C71C67465C0016D47D;
			remoteInfo = Yimeng;
		};
/* End PBXContainerItemProxy section */

/* Begin PBXFileReference section */
		1112D1DB1C68DAD6004F997A /* Utility.h */ = {isa = PBXFileReference; fileEncoding = 4; lastKnownFileType = sourcecode.c.h; path = Utility.h; sourceTree = "<group>"; };
		1112D1DC1C68DAD6004F997A /* Utility.m */ = {isa = PBXFileReference; fileEncoding = 4; lastKnownFileType = sourcecode.c.objc; path = Utility.m; sourceTree = "<group>"; };
		1112D1E11C68DB91004F997A /* LPPopup.h */ = {isa = PBXFileReference; fileEncoding = 4; lastKnownFileType = sourcecode.c.h; path = LPPopup.h; sourceTree = "<group>"; };
		1112D1E21C68DB91004F997A /* LPPopup.m */ = {isa = PBXFileReference; fileEncoding = 4; lastKnownFileType = sourcecode.c.objc; path = LPPopup.m; sourceTree = "<group>"; };
		111340951C6A385F00DEBC02 /* GameCenterViewController.h */ = {isa = PBXFileReference; fileEncoding = 4; lastKnownFileType = sourcecode.c.h; path = GameCenterViewController.h; sourceTree = "<group>"; };
		111340961C6A385F00DEBC02 /* GameCenterViewController.m */ = {isa = PBXFileReference; fileEncoding = 4; lastKnownFileType = sourcecode.c.objc; path = GameCenterViewController.m; sourceTree = "<group>"; };
		111340971C6A385F00DEBC02 /* GameCenterViewController.xib */ = {isa = PBXFileReference; fileEncoding = 4; lastKnownFileType = file.xib; path = GameCenterViewController.xib; sourceTree = "<group>"; };
		117B24C81C67465C0016D47D /* Yimeng.app */ = {isa = PBXFileReference; explicitFileType = wrapper.application; includeInIndex = 0; path = Yimeng.app; sourceTree = BUILT_PRODUCTS_DIR; };
		117B24CC1C67465C0016D47D /* main.m */ = {isa = PBXFileReference; lastKnownFileType = sourcecode.c.objc; path = main.m; sourceTree = "<group>"; };
		117B24CE1C67465C0016D47D /* AppDelegate.h */ = {isa = PBXFileReference; lastKnownFileType = sourcecode.c.h; path = AppDelegate.h; sourceTree = "<group>"; };
		117B24CF1C67465C0016D47D /* AppDelegate.m */ = {isa = PBXFileReference; lastKnownFileType = sourcecode.c.objc; path = AppDelegate.m; sourceTree = "<group>"; };
		117B24D81C67465C0016D47D /* Yimeng.xcdatamodel */ = {isa = PBXFileReference; lastKnownFileType = wrapper.xcdatamodel; path = Yimeng.xcdatamodel; sourceTree = "<group>"; };
		117B24DA1C67465C0016D47D /* Assets.xcassets */ = {isa = PBXFileReference; lastKnownFileType = folder.assetcatalog; path = Assets.xcassets; sourceTree = "<group>"; };
		117B24DD1C67465C0016D47D /* Base */ = {isa = PBXFileReference; lastKnownFileType = file.storyboard; name = Base; path = Base.lproj/LaunchScreen.storyboard; sourceTree = "<group>"; };
		117B24DF1C67465C0016D47D /* Info.plist */ = {isa = PBXFileReference; lastKnownFileType = text.plist.xml; path = Info.plist; sourceTree = "<group>"; };
		117B24E41C67465C0016D47D /* YimengTests.xctest */ = {isa = PBXFileReference; explicitFileType = wrapper.cfbundle; includeInIndex = 0; path = YimengTests.xctest; sourceTree = BUILT_PRODUCTS_DIR; };
		117B24E81C67465C0016D47D /* YimengTests.m */ = {isa = PBXFileReference; lastKnownFileType = sourcecode.c.objc; path = YimengTests.m; sourceTree = "<group>"; };
		117B24EA1C67465C0016D47D /* Info.plist */ = {isa = PBXFileReference; lastKnownFileType = text.plist.xml; path = Info.plist; sourceTree = "<group>"; };
		117B24EF1C67465C0016D47D /* YimengUITests.xctest */ = {isa = PBXFileReference; explicitFileType = wrapper.cfbundle; includeInIndex = 0; path = YimengUITests.xctest; sourceTree = BUILT_PRODUCTS_DIR; };
		117B24F31C67465C0016D47D /* YimengUITests.m */ = {isa = PBXFileReference; lastKnownFileType = sourcecode.c.objc; path = YimengUITests.m; sourceTree = "<group>"; };
		117B24F51C67465C0016D47D /* Info.plist */ = {isa = PBXFileReference; lastKnownFileType = text.plist.xml; path = Info.plist; sourceTree = "<group>"; };
		117B25031C6748360016D47D /* QGViewController.h */ = {isa = PBXFileReference; fileEncoding = 4; lastKnownFileType = sourcecode.c.h; path = QGViewController.h; sourceTree = "<group>"; };
		117B25041C6748360016D47D /* QGViewController.m */ = {isa = PBXFileReference; fileEncoding = 4; lastKnownFileType = sourcecode.c.objc; path = QGViewController.m; sourceTree = "<group>"; };
		117B25051C6748360016D47D /* QGViewController.xib */ = {isa = PBXFileReference; fileEncoding = 4; lastKnownFileType = file.xib; path = QGViewController.xib; sourceTree = "<group>"; };
		117B25081C67485C0016D47D /* LoginViewController.h */ = {isa = PBXFileReference; fileEncoding = 4; lastKnownFileType = sourcecode.c.h; path = LoginViewController.h; sourceTree = "<group>"; };
		117B25091C67485C0016D47D /* LoginViewController.m */ = {isa = PBXFileReference; fileEncoding = 4; lastKnownFileType = sourcecode.c.objc; path = LoginViewController.m; sourceTree = "<group>"; };
		117B250A1C67485C0016D47D /* LoginViewController.xib */ = {isa = PBXFileReference; fileEncoding = 4; lastKnownFileType = file.xib; path = LoginViewController.xib; sourceTree = "<group>"; };
		117B250D1C6748A30016D47D /* QGNavigationController.h */ = {isa = PBXFileReference; fileEncoding = 4; lastKnownFileType = sourcecode.c.h; path = QGNavigationController.h; sourceTree = "<group>"; };
		117B250E1C6748A30016D47D /* QGNavigationController.m */ = {isa = PBXFileReference; fileEncoding = 4; lastKnownFileType = sourcecode.c.objc; path = QGNavigationController.m; sourceTree = "<group>"; };
		117B250F1C6748A30016D47D /* QGNavigationController.xib */ = {isa = PBXFileReference; fileEncoding = 4; lastKnownFileType = file.xib; path = QGNavigationController.xib; sourceTree = "<group>"; };
		117B25121C6748EC0016D47D /* Yimeng.pch */ = {isa = PBXFileReference; fileEncoding = 4; lastKnownFileType = sourcecode.c.h; path = Yimeng.pch; sourceTree = "<group>"; };
		117B25131C674EA80016D47D /* GlobalMarcro.h */ = {isa = PBXFileReference; fileEncoding = 4; lastKnownFileType = sourcecode.c.h; path = GlobalMarcro.h; sourceTree = "<group>"; };
		11F03FCE1C699DBD00C49B3A /* FirstPageViewController.h */ = {isa = PBXFileReference; fileEncoding = 4; lastKnownFileType = sourcecode.c.h; path = FirstPageViewController.h; sourceTree = "<group>"; };
		11F03FCF1C699DBD00C49B3A /* FirstPageViewController.m */ = {isa = PBXFileReference; fileEncoding = 4; lastKnownFileType = sourcecode.c.objc; path = FirstPageViewController.m; sourceTree = "<group>"; };
		11F03FD01C699DBD00C49B3A /* FirstPageViewController.xib */ = {isa = PBXFileReference; fileEncoding = 4; lastKnownFileType = file.xib; path = FirstPageViewController.xib; sourceTree = "<group>"; };
		11F2BFBC1C6A439C00D2CEFB /* AllGamesViewController.h */ = {isa = PBXFileReference; fileEncoding = 4; lastKnownFileType = sourcecode.c.h; path = AllGamesViewController.h; sourceTree = "<group>"; };
		11F2BFBD1C6A439C00D2CEFB /* AllGamesViewController.m */ = {isa = PBXFileReference; fileEncoding = 4; lastKnownFileType = sourcecode.c.objc; path = AllGamesViewController.m; sourceTree = "<group>"; };
		11F2BFC11C6A43C300D2CEFB /* MyGamesViewController.h */ = {isa = PBXFileReference; fileEncoding = 4; lastKnownFileType = sourcecode.c.h; path = MyGamesViewController.h; sourceTree = "<group>"; };
		11F2BFC21C6A43C300D2CEFB /* MyGamesViewController.m */ = {isa = PBXFileReference; fileEncoding = 4; lastKnownFileType = sourcecode.c.objc; path = MyGamesViewController.m; sourceTree = "<group>"; };
		11F2BFC71C6A4BB100D2CEFB /* XTPageViewController.h */ = {isa = PBXFileReference; fileEncoding = 4; lastKnownFileType = sourcecode.c.h; path = XTPageViewController.h; sourceTree = "<group>"; };
		11F2BFC81C6A4BB100D2CEFB /* XTPageViewController.m */ = {isa = PBXFileReference; fileEncoding = 4; lastKnownFileType = sourcecode.c.objc; path = XTPageViewController.m; sourceTree = "<group>"; };
		11F2BFC91C6A4BB100D2CEFB /* XTTabBar.h */ = {isa = PBXFileReference; fileEncoding = 4; lastKnownFileType = sourcecode.c.h; path = XTTabBar.h; sourceTree = "<group>"; };
		11F2BFCA1C6A4BB100D2CEFB /* XTTabBar.m */ = {isa = PBXFileReference; fileEncoding = 4; lastKnownFileType = sourcecode.c.objc; path = XTTabBar.m; sourceTree = "<group>"; };
		11F2BFCB1C6A4BB100D2CEFB /* XTTabBarScrollView.h */ = {isa = PBXFileReference; fileEncoding = 4; lastKnownFileType = sourcecode.c.h; path = XTTabBarScrollView.h; sourceTree = "<group>"; };
		11F2BFCC1C6A4BB100D2CEFB /* XTTabBarScrollView.m */ = {isa = PBXFileReference; fileEncoding = 4; lastKnownFileType = sourcecode.c.objc; path = XTTabBarScrollView.m; sourceTree = "<group>"; };
		11F2BFCD1C6A4BB100D2CEFB /* XTTabBarStyle.h */ = {isa = PBXFileReference; fileEncoding = 4; lastKnownFileType = sourcecode.c.h; path = XTTabBarStyle.h; sourceTree = "<group>"; };
/* End PBXFileReference section */

/* Begin PBXFrameworksBuildPhase section */
		117B24C51C67465C0016D47D /* Frameworks */ = {
			isa = PBXFrameworksBuildPhase;
			buildActionMask = 2147483647;
			files = (
			);
			runOnlyForDeploymentPostprocessing = 0;
		};
		117B24E11C67465C0016D47D /* Frameworks */ = {
			isa = PBXFrameworksBuildPhase;
			buildActionMask = 2147483647;
			files = (
			);
			runOnlyForDeploymentPostprocessing = 0;
		};
		117B24EC1C67465C0016D47D /* Frameworks */ = {
			isa = PBXFrameworksBuildPhase;
			buildActionMask = 2147483647;
			files = (
			);
			runOnlyForDeploymentPostprocessing = 0;
		};
/* End PBXFrameworksBuildPhase section */

/* Begin PBXGroup section */
		1112D1E01C68DB91004F997A /* popupview */ = {
			isa = PBXGroup;
			children = (
				1112D1E11C68DB91004F997A /* LPPopup.h */,
				1112D1E21C68DB91004F997A /* LPPopup.m */,
			);
			path = popupview;
			sourceTree = "<group>";
		};
		117B24BF1C67465C0016D47D = {
			isa = PBXGroup;
			children = (
				117B24CA1C67465C0016D47D /* Yimeng */,
				117B24E71C67465C0016D47D /* YimengTests */,
				117B24F21C67465C0016D47D /* YimengUITests */,
				117B24C91C67465C0016D47D /* Products */,
			);
			sourceTree = "<group>";
		};
		117B24C91C67465C0016D47D /* Products */ = {
			isa = PBXGroup;
			children = (
				117B24C81C67465C0016D47D /* Yimeng.app */,
				117B24E41C67465C0016D47D /* YimengTests.xctest */,
				117B24EF1C67465C0016D47D /* YimengUITests.xctest */,
			);
			name = Products;
			sourceTree = "<group>";
		};
		117B24CA1C67465C0016D47D /* Yimeng */ = {
			isa = PBXGroup;
			children = (
				117B24CE1C67465C0016D47D /* AppDelegate.h */,
				117B24CF1C67465C0016D47D /* AppDelegate.m */,
				11F03FCD1C699B8900C49B3A /* ViewController */,
				117B25021C67480F0016D47D /* BaseViewController */,
				117B25011C67477B0016D47D /* Login */,
				117B25141C674EB80016D47D /* Global */,
				117B24DA1C67465C0016D47D /* Assets.xcassets */,
				117B24DC1C67465C0016D47D /* LaunchScreen.storyboard */,
				117B24DF1C67465C0016D47D /* Info.plist */,
				117B24D71C67465C0016D47D /* Yimeng.xcdatamodeld */,
				117B24CB1C67465C0016D47D /* Supporting Files */,
			);
			path = Yimeng;
			sourceTree = "<group>";
		};
		117B24CB1C67465C0016D47D /* Supporting Files */ = {
			isa = PBXGroup;
			children = (
				117B24CC1C67465C0016D47D /* main.m */,
				117B25121C6748EC0016D47D /* Yimeng.pch */,
			);
			name = "Supporting Files";
			sourceTree = "<group>";
		};
		117B24E71C67465C0016D47D /* YimengTests */ = {
			isa = PBXGroup;
			children = (
				117B24E81C67465C0016D47D /* YimengTests.m */,
				117B24EA1C67465C0016D47D /* Info.plist */,
			);
			path = YimengTests;
			sourceTree = "<group>";
		};
		117B24F21C67465C0016D47D /* YimengUITests */ = {
			isa = PBXGroup;
			children = (
				117B24F31C67465C0016D47D /* YimengUITests.m */,
				117B24F51C67465C0016D47D /* Info.plist */,
			);
			path = YimengUITests;
			sourceTree = "<group>";
		};
		117B25011C67477B0016D47D /* Login */ = {
			isa = PBXGroup;
			children = (
				117B25081C67485C0016D47D /* LoginViewController.h */,
				117B25091C67485C0016D47D /* LoginViewController.m */,
				117B250A1C67485C0016D47D /* LoginViewController.xib */,
			);
			name = Login;
			sourceTree = "<group>";
		};
		117B25021C67480F0016D47D /* BaseViewController */ = {
			isa = PBXGroup;
			children = (
				117B25031C6748360016D47D /* QGViewController.h */,
				117B25041C6748360016D47D /* QGViewController.m */,
				117B25051C6748360016D47D /* QGViewController.xib */,
				117B250D1C6748A30016D47D /* QGNavigationController.h */,
				117B250E1C6748A30016D47D /* QGNavigationController.m */,
				117B250F1C6748A30016D47D /* QGNavigationController.xib */,
			);
			name = BaseViewController;
			sourceTree = "<group>";
		};
		117B25141C674EB80016D47D /* Global */ = {
			isa = PBXGroup;
			children = (
				1112D1DB1C68DAD6004F997A /* Utility.h */,
				1112D1DC1C68DAD6004F997A /* Utility.m */,
				117B25131C674EA80016D47D /* GlobalMarcro.h */,
				11F2BFC61C6A4BB100D2CEFB /* XTPageControl */,
				1112D1E01C68DB91004F997A /* popupview */,
			);
			name = Global;
			sourceTree = "<group>";
		};
		11F03FCD1C699B8900C49B3A /* ViewController */ = {
			isa = PBXGroup;
			children = (
				11F03FCE1C699DBD00C49B3A /* FirstPageViewController.h */,
				11F03FCF1C699DBD00C49B3A /* FirstPageViewController.m */,
				11F03FD01C699DBD00C49B3A /* FirstPageViewController.xib */,
				111340951C6A385F00DEBC02 /* GameCenterViewController.h */,
				111340961C6A385F00DEBC02 /* GameCenterViewController.m */,
				111340971C6A385F00DEBC02 /* GameCenterViewController.xib */,
				11F2BFBC1C6A439C00D2CEFB /* AllGamesViewController.h */,
				11F2BFBD1C6A439C00D2CEFB /* AllGamesViewController.m */,
				11F2BFC11C6A43C300D2CEFB /* MyGamesViewController.h */,
				11F2BFC21C6A43C300D2CEFB /* MyGamesViewController.m */,
			);
			name = ViewController;
			sourceTree = "<group>";
		};
		11F2BFC61C6A4BB100D2CEFB /* XTPageControl */ = {
			isa = PBXGroup;
			children = (
				11F2BFC71C6A4BB100D2CEFB /* XTPageViewController.h */,
				11F2BFC81C6A4BB100D2CEFB /* XTPageViewController.m */,
				11F2BFC91C6A4BB100D2CEFB /* XTTabBar.h */,
				11F2BFCA1C6A4BB100D2CEFB /* XTTabBar.m */,
				11F2BFCB1C6A4BB100D2CEFB /* XTTabBarScrollView.h */,
				11F2BFCC1C6A4BB100D2CEFB /* XTTabBarScrollView.m */,
				11F2BFCD1C6A4BB100D2CEFB /* XTTabBarStyle.h */,
			);
			name = XTPageControl;
			path = popupview/XTPageControl;
			sourceTree = "<group>";
		};
/* End PBXGroup section */

/* Begin PBXNativeTarget section */
		117B24C71C67465C0016D47D /* Yimeng */ = {
			isa = PBXNativeTarget;
			buildConfigurationList = 117B24F81C67465C0016D47D /* Build configuration list for PBXNativeTarget "Yimeng" */;
			buildPhases = (
				117B24C41C67465C0016D47D /* Sources */,
				117B24C51C67465C0016D47D /* Frameworks */,
				117B24C61C67465C0016D47D /* Resources */,
			);
			buildRules = (
			);
			dependencies = (
			);
			name = Yimeng;
			productName = Yimeng;
			productReference = 117B24C81C67465C0016D47D /* Yimeng.app */;
			productType = "com.apple.product-type.application";
		};
		117B24E31C67465C0016D47D /* YimengTests */ = {
			isa = PBXNativeTarget;
			buildConfigurationList = 117B24FB1C67465C0016D47D /* Build configuration list for PBXNativeTarget "YimengTests" */;
			buildPhases = (
				117B24E01C67465C0016D47D /* Sources */,
				117B24E11C67465C0016D47D /* Frameworks */,
				117B24E21C67465C0016D47D /* Resources */,
			);
			buildRules = (
			);
			dependencies = (
				117B24E61C67465C0016D47D /* PBXTargetDependency */,
			);
			name = YimengTests;
			productName = YimengTests;
			productReference = 117B24E41C67465C0016D47D /* YimengTests.xctest */;
			productType = "com.apple.product-type.bundle.unit-test";
		};
		117B24EE1C67465C0016D47D /* YimengUITests */ = {
			isa = PBXNativeTarget;
			buildConfigurationList = 117B24FE1C67465C0016D47D /* Build configuration list for PBXNativeTarget "YimengUITests" */;
			buildPhases = (
				117B24EB1C67465C0016D47D /* Sources */,
				117B24EC1C67465C0016D47D /* Frameworks */,
				117B24ED1C67465C0016D47D /* Resources */,
			);
			buildRules = (
			);
			dependencies = (
				117B24F11C67465C0016D47D /* PBXTargetDependency */,
			);
			name = YimengUITests;
			productName = YimengUITests;
			productReference = 117B24EF1C67465C0016D47D /* YimengUITests.xctest */;
			productType = "com.apple.product-type.bundle.ui-testing";
		};
/* End PBXNativeTarget section */

/* Begin PBXProject section */
		117B24C01C67465C0016D47D /* Project object */ = {
			isa = PBXProject;
			attributes = {
				LastUpgradeCheck = 0720;
				ORGANIZATIONNAME = LQG;
				TargetAttributes = {
					117B24C71C67465C0016D47D = {
						CreatedOnToolsVersion = 7.2.1;
					};
					117B24E31C67465C0016D47D = {
						CreatedOnToolsVersion = 7.2.1;
						TestTargetID = 117B24C71C67465C0016D47D;
					};
					117B24EE1C67465C0016D47D = {
						CreatedOnToolsVersion = 7.2.1;
						TestTargetID = 117B24C71C67465C0016D47D;
					};
				};
			};
			buildConfigurationList = 117B24C31C67465C0016D47D /* Build configuration list for PBXProject "Yimeng" */;
			compatibilityVersion = "Xcode 3.2";
			developmentRegion = English;
			hasScannedForEncodings = 0;
			knownRegions = (
				en,
				Base,
			);
			mainGroup = 117B24BF1C67465C0016D47D;
			productRefGroup = 117B24C91C67465C0016D47D /* Products */;
			projectDirPath = "";
			projectRoot = "";
			targets = (
				117B24C71C67465C0016D47D /* Yimeng */,
				117B24E31C67465C0016D47D /* YimengTests */,
				117B24EE1C67465C0016D47D /* YimengUITests */,
			);
		};
/* End PBXProject section */

/* Begin PBXResourcesBuildPhase section */
		117B24C61C67465C0016D47D /* Resources */ = {
			isa = PBXResourcesBuildPhase;
			buildActionMask = 2147483647;
			files = (
				11F03FD21C699DBD00C49B3A /* FirstPageViewController.xib in Resources */,
				117B24DE1C67465C0016D47D /* LaunchScreen.storyboard in Resources */,
				111340991C6A385F00DEBC02 /* GameCenterViewController.xib in Resources */,
				117B24DB1C67465C0016D47D /* Assets.xcassets in Resources */,
				117B25071C6748360016D47D /* QGViewController.xib in Resources */,
				117B250C1C67485C0016D47D /* LoginViewController.xib in Resources */,
				117B25111C6748A30016D47D /* QGNavigationController.xib in Resources */,
			);
			runOnlyForDeploymentPostprocessing = 0;
		};
		117B24E21C67465C0016D47D /* Resources */ = {
			isa = PBXResourcesBuildPhase;
			buildActionMask = 2147483647;
			files = (
			);
			runOnlyForDeploymentPostprocessing = 0;
		};
		117B24ED1C67465C0016D47D /* Resources */ = {
			isa = PBXResourcesBuildPhase;
			buildActionMask = 2147483647;
			files = (
			);
			runOnlyForDeploymentPostprocessing = 0;
		};
/* End PBXResourcesBuildPhase section */

/* Begin PBXSourcesBuildPhase section */
		117B24C41C67465C0016D47D /* Sources */ = {
			isa = PBXSourcesBuildPhase;
			buildActionMask = 2147483647;
			files = (
				11F2BFC41C6A43C300D2CEFB /* MyGamesViewController.m in Sources */,
				11F2BFD01C6A4BB100D2CEFB /* XTTabBarScrollView.m in Sources */,
				117B25061C6748360016D47D /* QGViewController.m in Sources */,
				117B250B1C67485C0016D47D /* LoginViewController.m in Sources */,
				11F2BFBF1C6A439C00D2CEFB /* AllGamesViewController.m in Sources */,
				117B24D91C67465C0016D47D /* Yimeng.xcdatamodeld in Sources */,
				111340981C6A385F00DEBC02 /* GameCenterViewController.m in Sources */,
				117B24D01C67465C0016D47D /* AppDelegate.m in Sources */,
				1112D1E31C68DB91004F997A /* LPPopup.m in Sources */,
				1112D1DD1C68DAD6004F997A /* Utility.m in Sources */,
				11F2BFCE1C6A4BB100D2CEFB /* XTPageViewController.m in Sources */,
				117B25101C6748A30016D47D /* QGNavigationController.m in Sources */,
				11F2BFCF1C6A4BB100D2CEFB /* XTTabBar.m in Sources */,
				117B24CD1C67465C0016D47D /* main.m in Sources */,
				11F03FD11C699DBD00C49B3A /* FirstPageViewController.m in Sources */,
			);
			runOnlyForDeploymentPostprocessing = 0;
		};
		117B24E01C67465C0016D47D /* Sources */ = {
			isa = PBXSourcesBuildPhase;
			buildActionMask = 2147483647;
			files = (
				117B24E91C67465C0016D47D /* YimengTests.m in Sources */,
			);
			runOnlyForDeploymentPostprocessing = 0;
		};
		117B24EB1C67465C0016D47D /* Sources */ = {
			isa = PBXSourcesBuildPhase;
			buildActionMask = 2147483647;
			files = (
				117B24F41C67465C0016D47D /* YimengUITests.m in Sources */,
			);
			runOnlyForDeploymentPostprocessing = 0;
		};
/* End PBXSourcesBuildPhase section */

/* Begin PBXTargetDependency section */
		117B24E61C67465C0016D47D /* PBXTargetDependency */ = {
			isa = PBXTargetDependency;
			target = 117B24C71C67465C0016D47D /* Yimeng */;
			targetProxy = 117B24E51C67465C0016D47D /* PBXContainerItemProxy */;
		};
		117B24F11C67465C0016D47D /* PBXTargetDependency */ = {
			isa = PBXTargetDependency;
			target = 117B24C71C67465C0016D47D /* Yimeng */;
			targetProxy = 117B24F01C67465C0016D47D /* PBXContainerItemProxy */;
		};
/* End PBXTargetDependency section */

/* Begin PBXVariantGroup section */
		117B24DC1C67465C0016D47D /* LaunchScreen.storyboard */ = {
			isa = PBXVariantGroup;
			children = (
				117B24DD1C67465C0016D47D /* Base */,
			);
			name = LaunchScreen.storyboard;
			sourceTree = "<group>";
		};
/* End PBXVariantGroup section */

/* Begin XCBuildConfiguration section */
		117B24F61C67465C0016D47D /* Debug */ = {
			isa = XCBuildConfiguration;
			buildSettings = {
				ALWAYS_SEARCH_USER_PATHS = NO;
				CLANG_CXX_LANGUAGE_STANDARD = "gnu++0x";
				CLANG_CXX_LIBRARY = "libc++";
				CLANG_ENABLE_MODULES = YES;
				CLANG_ENABLE_OBJC_ARC = YES;
				CLANG_WARN_BOOL_CONVERSION = YES;
				CLANG_WARN_CONSTANT_CONVERSION = YES;
				CLANG_WARN_DIRECT_OBJC_ISA_USAGE = YES_ERROR;
				CLANG_WARN_EMPTY_BODY = YES;
				CLANG_WARN_ENUM_CONVERSION = YES;
				CLANG_WARN_INT_CONVERSION = YES;
				CLANG_WARN_OBJC_ROOT_CLASS = YES_ERROR;
				CLANG_WARN_UNREACHABLE_CODE = YES;
				CLANG_WARN__DUPLICATE_METHOD_MATCH = YES;
				"CODE_SIGN_IDENTITY[sdk=iphoneos*]" = "iPhone Developer";
				COPY_PHASE_STRIP = NO;
				DEBUG_INFORMATION_FORMAT = dwarf;
				ENABLE_STRICT_OBJC_MSGSEND = YES;
				ENABLE_TESTABILITY = YES;
				GCC_C_LANGUAGE_STANDARD = gnu99;
				GCC_DYNAMIC_NO_PIC = NO;
				GCC_NO_COMMON_BLOCKS = YES;
				GCC_OPTIMIZATION_LEVEL = 0;
				GCC_PREPROCESSOR_DEFINITIONS = (
					"DEBUG=1",
					"$(inherited)",
				);
				GCC_WARN_64_TO_32_BIT_CONVERSION = YES;
				GCC_WARN_ABOUT_RETURN_TYPE = YES_ERROR;
				GCC_WARN_UNDECLARED_SELECTOR = YES;
				GCC_WARN_UNINITIALIZED_AUTOS = YES_AGGRESSIVE;
				GCC_WARN_UNUSED_FUNCTION = YES;
				GCC_WARN_UNUSED_VARIABLE = YES;
				IPHONEOS_DEPLOYMENT_TARGET = 9.2;
				MTL_ENABLE_DEBUG_INFO = YES;
				ONLY_ACTIVE_ARCH = YES;
				SDKROOT = iphoneos;
			};
			name = Debug;
		};
		117B24F71C67465C0016D47D /* Release */ = {
			isa = XCBuildConfiguration;
			buildSettings = {
				ALWAYS_SEARCH_USER_PATHS = NO;
				CLANG_CXX_LANGUAGE_STANDARD = "gnu++0x";
				CLANG_CXX_LIBRARY = "libc++";
				CLANG_ENABLE_MODULES = YES;
				CLANG_ENABLE_OBJC_ARC = YES;
				CLANG_WARN_BOOL_CONVERSION = YES;
				CLANG_WARN_CONSTANT_CONVERSION = YES;
				CLANG_WARN_DIRECT_OBJC_ISA_USAGE = YES_ERROR;
				CLANG_WARN_EMPTY_BODY = YES;
				CLANG_WARN_ENUM_CONVERSION = YES;
				CLANG_WARN_INT_CONVERSION = YES;
				CLANG_WARN_OBJC_ROOT_CLASS = YES_ERROR;
				CLANG_WARN_UNREACHABLE_CODE = YES;
				CLANG_WARN__DUPLICATE_METHOD_MATCH = YES;
				"CODE_SIGN_IDENTITY[sdk=iphoneos*]" = "iPhone Developer";
				COPY_PHASE_STRIP = NO;
				DEBUG_INFORMATION_FORMAT = "dwarf-with-dsym";
				ENABLE_NS_ASSERTIONS = NO;
				ENABLE_STRICT_OBJC_MSGSEND = YES;
				GCC_C_LANGUAGE_STANDARD = gnu99;
				GCC_NO_COMMON_BLOCKS = YES;
				GCC_WARN_64_TO_32_BIT_CONVERSION = YES;
				GCC_WARN_ABOUT_RETURN_TYPE = YES_ERROR;
				GCC_WARN_UNDECLARED_SELECTOR = YES;
				GCC_WARN_UNINITIALIZED_AUTOS = YES_AGGRESSIVE;
				GCC_WARN_UNUSED_FUNCTION = YES;
				GCC_WARN_UNUSED_VARIABLE = YES;
				IPHONEOS_DEPLOYMENT_TARGET = 9.2;
				MTL_ENABLE_DEBUG_INFO = NO;
				SDKROOT = iphoneos;
				VALIDATE_PRODUCT = YES;
			};
			name = Release;
		};
		117B24F91C67465C0016D47D /* Debug */ = {
			isa = XCBuildConfiguration;
			buildSettings = {
				ASSETCATALOG_COMPILER_APPICON_NAME = AppIcon;
				GCC_INCREASE_PRECOMPILED_HEADER_SHARING = NO;
				GCC_PRECOMPILE_PREFIX_HEADER = YES;
				GCC_PREFIX_HEADER = "$(SRCROOT)/Yimeng/Yimeng.pch";
				INFOPLIST_FILE = Yimeng/Info.plist;
				IPHONEOS_DEPLOYMENT_TARGET = 7.0;
				LD_RUNPATH_SEARCH_PATHS = "$(inherited) @executable_path/Frameworks";
				PRODUCT_BUNDLE_IDENTIFIER = com.ym.Yimeng;
				PRODUCT_NAME = "$(TARGET_NAME)";
			};
			name = Debug;
		};
		117B24FA1C67465C0016D47D /* Release */ = {
			isa = XCBuildConfiguration;
			buildSettings = {
				ASSETCATALOG_COMPILER_APPICON_NAME = AppIcon;
				GCC_INCREASE_PRECOMPILED_HEADER_SHARING = NO;
				GCC_PRECOMPILE_PREFIX_HEADER = YES;
				GCC_PREFIX_HEADER = "$(SRCROOT)/Yimeng/Yimeng.pch";
				INFOPLIST_FILE = Yimeng/Info.plist;
				IPHONEOS_DEPLOYMENT_TARGET = 7.0;
				LD_RUNPATH_SEARCH_PATHS = "$(inherited) @executable_path/Frameworks";
				PRODUCT_BUNDLE_IDENTIFIER = com.ym.Yimeng;
				PRODUCT_NAME = "$(TARGET_NAME)";
			};
			name = Release;
		};
		117B24FC1C67465C0016D47D /* Debug */ = {
			isa = XCBuildConfiguration;
			buildSettings = {
				BUNDLE_LOADER = "$(TEST_HOST)";
				INFOPLIST_FILE = YimengTests/Info.plist;
				LD_RUNPATH_SEARCH_PATHS = "$(inherited) @executable_path/Frameworks @loader_path/Frameworks";
				PRODUCT_BUNDLE_IDENTIFIER = com.ym.YimengTests;
				PRODUCT_NAME = "$(TARGET_NAME)";
				TEST_HOST = "$(BUILT_PRODUCTS_DIR)/Yimeng.app/Yimeng";
			};
			name = Debug;
		};
		117B24FD1C67465C0016D47D /* Release */ = {
			isa = XCBuildConfiguration;
			buildSettings = {
				BUNDLE_LOADER = "$(TEST_HOST)";
				INFOPLIST_FILE = YimengTests/Info.plist;
				LD_RUNPATH_SEARCH_PATHS = "$(inherited) @executable_path/Frameworks @loader_path/Frameworks";
				PRODUCT_BUNDLE_IDENTIFIER = com.ym.YimengTests;
				PRODUCT_NAME = "$(TARGET_NAME)";
				TEST_HOST = "$(BUILT_PRODUCTS_DIR)/Yimeng.app/Yimeng";
			};
			name = Release;
		};
		117B24FF1C67465C0016D47D /* Debug */ = {
			isa = XCBuildConfiguration;
			buildSettings = {
				INFOPLIST_FILE = YimengUITests/Info.plist;
				LD_RUNPATH_SEARCH_PATHS = "$(inherited) @executable_path/Frameworks @loader_path/Frameworks";
				PRODUCT_BUNDLE_IDENTIFIER = com.ym.YimengUITests;
				PRODUCT_NAME = "$(TARGET_NAME)";
				TEST_TARGET_NAME = Yimeng;
				USES_XCTRUNNER = YES;
			};
			name = Debug;
		};
		117B25001C67465C0016D47D /* Release */ = {
			isa = XCBuildConfiguration;
			buildSettings = {
				INFOPLIST_FILE = YimengUITests/Info.plist;
				LD_RUNPATH_SEARCH_PATHS = "$(inherited) @executable_path/Frameworks @loader_path/Frameworks";
				PRODUCT_BUNDLE_IDENTIFIER = com.ym.YimengUITests;
				PRODUCT_NAME = "$(TARGET_NAME)";
				TEST_TARGET_NAME = Yimeng;
				USES_XCTRUNNER = YES;
			};
			name = Release;
		};
/* End XCBuildConfiguration section */

/* Begin XCConfigurationList section */
		117B24C31C67465C0016D47D /* Build configuration list for PBXProject "Yimeng" */ = {
			isa = XCConfigurationList;
			buildConfigurations = (
				117B24F61C67465C0016D47D /* Debug */,
				117B24F71C67465C0016D47D /* Release */,
			);
			defaultConfigurationIsVisible = 0;
			defaultConfigurationName = Release;
		};
		117B24F81C67465C0016D47D /* Build configuration list for PBXNativeTarget "Yimeng" */ = {
			isa = XCConfigurationList;
			buildConfigurations = (
				117B24F91C67465C0016D47D /* Debug */,
				117B24FA1C67465C0016D47D /* Release */,
			);
			defaultConfigurationIsVisible = 0;
			defaultConfigurationName = Release;
		};
		117B24FB1C67465C0016D47D /* Build configuration list for PBXNativeTarget "YimengTests" */ = {
			isa = XCConfigurationList;
			buildConfigurations = (
				117B24FC1C67465C0016D47D /* Debug */,
				117B24FD1C67465C0016D47D /* Release */,
			);
			defaultConfigurationIsVisible = 0;
			defaultConfigurationName = Release;
		};
		117B24FE1C67465C0016D47D /* Build configuration list for PBXNativeTarget "YimengUITests" */ = {
			isa = XCConfigurationList;
			buildConfigurations = (
				117B24FF1C67465C0016D47D /* Debug */,
				117B25001C67465C0016D47D /* Release */,
			);
			defaultConfigurationIsVisible = 0;
			defaultConfigurationName = Release;
		};
/* End XCConfigurationList section */

/* Begin XCVersionGroup section */
		117B24D71C67465C0016D47D /* Yimeng.xcdatamodeld */ = {
			isa = XCVersionGroup;
			children = (
				117B24D81C67465C0016D47D /* Yimeng.xcdatamodel */,
			);
			currentVersion = 117B24D81C67465C0016D47D /* Yimeng.xcdatamodel */;
			path = Yimeng.xcdatamodeld;
			sourceTree = "<group>";
			versionGroupType = wrapper.xcdatamodel;
		};
/* End XCVersionGroup section */
	};
	rootObject = 117B24C01C67465C0016D47D /* Project object */;
}
